// !$*UTF8*$!
{
	archiveVersion = 1;
	classes = {
	};
	objectVersion = 56;
	objects = {

/* Begin PBXBuildFile section */
		4943D8562B51B32C0078A0B6 /* MainViewModel.swift in Sources */ = {isa = PBXBuildFile; fileRef = 4943D8552B51B32C0078A0B6 /* MainViewModel.swift */; };
		4943D8592B51B3EE0078A0B6 /* FutureForecastModel.swift in Sources */ = {isa = PBXBuildFile; fileRef = 4943D8582B51B3EE0078A0B6 /* FutureForecastModel.swift */; };
		4943D85B2B51B9960078A0B6 /* FutureForecastView.swift in Sources */ = {isa = PBXBuildFile; fileRef = 4943D85A2B51B9960078A0B6 /* FutureForecastView.swift */; };
		495D8EFB2B61759D00E152DF /* MainModel.swift in Sources */ = {isa = PBXBuildFile; fileRef = 495D8EFA2B61759D00E152DF /* MainModel.swift */; };
		495D8EFD2B6177DB00E152DF /* CurrentInfoView.swift in Sources */ = {isa = PBXBuildFile; fileRef = 495D8EFC2B6177DB00E152DF /* CurrentInfoView.swift */; };
		4998A61C2B596DB5007151A5 /* GenericAPI.swift in Sources */ = {isa = PBXBuildFile; fileRef = 4998A61B2B596DB5007151A5 /* GenericAPI.swift */; };
		4998A61E2B596DD4007151A5 /* Client.swift in Sources */ = {isa = PBXBuildFile; fileRef = 4998A61D2B596DD4007151A5 /* Client.swift */; };
		4998A6242B596F01007151A5 /* CurrentLocationResponseModel.swift in Sources */ = {isa = PBXBuildFile; fileRef = 4998A6232B596F01007151A5 /* CurrentLocationResponseModel.swift */; };
		4998A6272B5971F5007151A5 /* LocationManager.swift in Sources */ = {isa = PBXBuildFile; fileRef = 4998A6262B5971F5007151A5 /* LocationManager.swift */; };
		49C2ECCC2B5810B3003DA366 /* TodayListView.swift in Sources */ = {isa = PBXBuildFile; fileRef = 49C2ECCB2B5810B3003DA366 /* TodayListView.swift */; };
		49C2ECCF2B5811DF003DA366 /* BlurBackgroundView.swift in Sources */ = {isa = PBXBuildFile; fileRef = 49C2ECCE2B5811DF003DA366 /* BlurBackgroundView.swift */; };
		49C2ECD12B58169E003DA366 /* TodayListModel.swift in Sources */ = {isa = PBXBuildFile; fileRef = 49C2ECD02B58169E003DA366 /* TodayListModel.swift */; };
		49E774672B5EC0AE000ED97C /* APIError.swift in Sources */ = {isa = PBXBuildFile; fileRef = 49E774662B5EC0AE000ED97C /* APIError.swift */; };
		49E774692B5EC0E7000ED97C /* APIGlobals.swift in Sources */ = {isa = PBXBuildFile; fileRef = 49E774682B5EC0E7000ED97C /* APIGlobals.swift */; };
		49E7746B2B5EC0ED000ED97C /* APIRoute.swift in Sources */ = {isa = PBXBuildFile; fileRef = 49E7746A2B5EC0ED000ED97C /* APIRoute.swift */; };
		49F87EB42B51A98400B0F754 /* WeatherAppApp.swift in Sources */ = {isa = PBXBuildFile; fileRef = 49F87EB32B51A98400B0F754 /* WeatherAppApp.swift */; };
		49F87EB62B51A98400B0F754 /* MainView.swift in Sources */ = {isa = PBXBuildFile; fileRef = 49F87EB52B51A98400B0F754 /* MainView.swift */; };
		49F87EB82B51A98500B0F754 /* Assets.xcassets in Resources */ = {isa = PBXBuildFile; fileRef = 49F87EB72B51A98500B0F754 /* Assets.xcassets */; };
		49F87EBB2B51A98500B0F754 /* Preview Assets.xcassets in Resources */ = {isa = PBXBuildFile; fileRef = 49F87EBA2B51A98500B0F754 /* Preview Assets.xcassets */; };
/* End PBXBuildFile section */

/* Begin PBXFileReference section */
		4943D8552B51B32C0078A0B6 /* MainViewModel.swift */ = {isa = PBXFileReference; lastKnownFileType = sourcecode.swift; path = MainViewModel.swift; sourceTree = "<group>"; };
		4943D8582B51B3EE0078A0B6 /* FutureForecastModel.swift */ = {isa = PBXFileReference; lastKnownFileType = sourcecode.swift; path = FutureForecastModel.swift; sourceTree = "<group>"; };
		4943D85A2B51B9960078A0B6 /* FutureForecastView.swift */ = {isa = PBXFileReference; lastKnownFileType = sourcecode.swift; path = FutureForecastView.swift; sourceTree = "<group>"; };
		495D8EFA2B61759D00E152DF /* MainModel.swift */ = {isa = PBXFileReference; lastKnownFileType = sourcecode.swift; path = MainModel.swift; sourceTree = "<group>"; };
		495D8EFC2B6177DB00E152DF /* CurrentInfoView.swift */ = {isa = PBXFileReference; lastKnownFileType = sourcecode.swift; path = CurrentInfoView.swift; sourceTree = "<group>"; };
		4998A61B2B596DB5007151A5 /* GenericAPI.swift */ = {isa = PBXFileReference; lastKnownFileType = sourcecode.swift; path = GenericAPI.swift; sourceTree = "<group>"; };
		4998A61D2B596DD4007151A5 /* Client.swift */ = {isa = PBXFileReference; lastKnownFileType = sourcecode.swift; path = Client.swift; sourceTree = "<group>"; };
		4998A6232B596F01007151A5 /* CurrentLocationResponseModel.swift */ = {isa = PBXFileReference; lastKnownFileType = sourcecode.swift; path = CurrentLocationResponseModel.swift; sourceTree = "<group>"; };
		4998A6262B5971F5007151A5 /* LocationManager.swift */ = {isa = PBXFileReference; lastKnownFileType = sourcecode.swift; path = LocationManager.swift; sourceTree = "<group>"; };
		4998A6282B5974CA007151A5 /* Info.plist */ = {isa = PBXFileReference; lastKnownFileType = text.plist; path = Info.plist; sourceTree = "<group>"; };
		49C2ECCB2B5810B3003DA366 /* TodayListView.swift */ = {isa = PBXFileReference; lastKnownFileType = sourcecode.swift; path = TodayListView.swift; sourceTree = "<group>"; };
		49C2ECCE2B5811DF003DA366 /* BlurBackgroundView.swift */ = {isa = PBXFileReference; lastKnownFileType = sourcecode.swift; path = BlurBackgroundView.swift; sourceTree = "<group>"; };
		49C2ECD02B58169E003DA366 /* TodayListModel.swift */ = {isa = PBXFileReference; lastKnownFileType = sourcecode.swift; path = TodayListModel.swift; sourceTree = "<group>"; };
		49E774662B5EC0AE000ED97C /* APIError.swift */ = {isa = PBXFileReference; fileEncoding = 4; lastKnownFileType = sourcecode.swift; path = APIError.swift; sourceTree = "<group>"; };
		49E774682B5EC0E7000ED97C /* APIGlobals.swift */ = {isa = PBXFileReference; fileEncoding = 4; lastKnownFileType = sourcecode.swift; path = APIGlobals.swift; sourceTree = "<group>"; };
		49E7746A2B5EC0ED000ED97C /* APIRoute.swift */ = {isa = PBXFileReference; fileEncoding = 4; lastKnownFileType = sourcecode.swift; path = APIRoute.swift; sourceTree = "<group>"; };
		49F87EB02B51A98400B0F754 /* WeatherApp.app */ = {isa = PBXFileReference; explicitFileType = wrapper.application; includeInIndex = 0; path = WeatherApp.app; sourceTree = BUILT_PRODUCTS_DIR; };
		49F87EB32B51A98400B0F754 /* WeatherAppApp.swift */ = {isa = PBXFileReference; lastKnownFileType = sourcecode.swift; path = WeatherAppApp.swift; sourceTree = "<group>"; };
		49F87EB52B51A98400B0F754 /* MainView.swift */ = {isa = PBXFileReference; lastKnownFileType = sourcecode.swift; path = MainView.swift; sourceTree = "<group>"; };
		49F87EB72B51A98500B0F754 /* Assets.xcassets */ = {isa = PBXFileReference; lastKnownFileType = folder.assetcatalog; path = Assets.xcassets; sourceTree = "<group>"; };
		49F87EBA2B51A98500B0F754 /* Preview Assets.xcassets */ = {isa = PBXFileReference; lastKnownFileType = folder.assetcatalog; path = "Preview Assets.xcassets"; sourceTree = "<group>"; };
/* End PBXFileReference section */

/* Begin PBXFrameworksBuildPhase section */
		49F87EAD2B51A98400B0F754 /* Frameworks */ = {
			isa = PBXFrameworksBuildPhase;
			buildActionMask = 2147483647;
			files = (
			);
			runOnlyForDeploymentPostprocessing = 0;
		};
/* End PBXFrameworksBuildPhase section */

/* Begin PBXGroup section */
		4943D8522B51AE9B0078A0B6 /* App */ = {
			isa = PBXGroup;
			children = (
				49F87EB32B51A98400B0F754 /* WeatherAppApp.swift */,
			);
			path = App;
			sourceTree = "<group>";
		};
		4943D8532B51B2470078A0B6 /* Screens */ = {
			isa = PBXGroup;
			children = (
				49F87EB52B51A98400B0F754 /* MainView.swift */,
				495D8EFC2B6177DB00E152DF /* CurrentInfoView.swift */,
				49C2ECCB2B5810B3003DA366 /* TodayListView.swift */,
				4943D85A2B51B9960078A0B6 /* FutureForecastView.swift */,
			);
			path = Screens;
			sourceTree = "<group>";
		};
		4943D8542B51B24F0078A0B6 /* ViewModels */ = {
			isa = PBXGroup;
			children = (
				4943D8552B51B32C0078A0B6 /* MainViewModel.swift */,
			);
			path = ViewModels;
			sourceTree = "<group>";
		};
		4943D8572B51B3BD0078A0B6 /* Models */ = {
			isa = PBXGroup;
			children = (
				4943D8582B51B3EE0078A0B6 /* FutureForecastModel.swift */,
				49C2ECD02B58169E003DA366 /* TodayListModel.swift */,
				495D8EFA2B61759D00E152DF /* MainModel.swift */,
			);
			path = Models;
			sourceTree = "<group>";
		};
		4998A61F2B596DE0007151A5 /* API */ = {
			isa = PBXGroup;
			children = (
				4998A6222B596EF6007151A5 /* Models */,
				4998A61D2B596DD4007151A5 /* Client.swift */,
				4998A61B2B596DB5007151A5 /* GenericAPI.swift */,
				49E774662B5EC0AE000ED97C /* APIError.swift */,
				49E774682B5EC0E7000ED97C /* APIGlobals.swift */,
				49E7746A2B5EC0ED000ED97C /* APIRoute.swift */,
			);
			path = API;
			sourceTree = "<group>";
		};
		4998A6222B596EF6007151A5 /* Models */ = {
			isa = PBXGroup;
			children = (
				4998A6232B596F01007151A5 /* CurrentLocationResponseModel.swift */,
			);
			path = Models;
			sourceTree = "<group>";
		};
		4998A6252B5971E4007151A5 /* Managers */ = {
			isa = PBXGroup;
			children = (
				4998A6262B5971F5007151A5 /* LocationManager.swift */,
			);
			path = Managers;
			sourceTree = "<group>";
		};
		49C2ECCD2B5811A7003DA366 /* Custom */ = {
			isa = PBXGroup;
			children = (
				49C2ECCE2B5811DF003DA366 /* BlurBackgroundView.swift */,
			);
			path = Custom;
			sourceTree = "<group>";
		};
		49F87EA72B51A98400B0F754 = {
			isa = PBXGroup;
			children = (
				49F87EB22B51A98400B0F754 /* WeatherApp */,
				49F87EB12B51A98400B0F754 /* Products */,
			);
			sourceTree = "<group>";
		};
		49F87EB12B51A98400B0F754 /* Products */ = {
			isa = PBXGroup;
			children = (
				49F87EB02B51A98400B0F754 /* WeatherApp.app */,
			);
			name = Products;
			sourceTree = "<group>";
		};
		49F87EB22B51A98400B0F754 /* WeatherApp */ = {
			isa = PBXGroup;
			children = (
				4998A6282B5974CA007151A5 /* Info.plist */,
				4943D8522B51AE9B0078A0B6 /* App */,
				4943D8532B51B2470078A0B6 /* Screens */,
				4943D8572B51B3BD0078A0B6 /* Models */,
				4943D8542B51B24F0078A0B6 /* ViewModels */,
				4998A6252B5971E4007151A5 /* Managers */,
				49C2ECCD2B5811A7003DA366 /* Custom */,
				4998A61F2B596DE0007151A5 /* API */,
				49F87EB72B51A98500B0F754 /* Assets.xcassets */,
				49F87EB92B51A98500B0F754 /* Preview Content */,
			);
			path = WeatherApp;
			sourceTree = "<group>";
		};
		49F87EB92B51A98500B0F754 /* Preview Content */ = {
			isa = PBXGroup;
			children = (
				49F87EBA2B51A98500B0F754 /* Preview Assets.xcassets */,
			);
			path = "Preview Content";
			sourceTree = "<group>";
		};
/* End PBXGroup section */

/* Begin PBXNativeTarget section */
		49F87EAF2B51A98400B0F754 /* WeatherApp */ = {
			isa = PBXNativeTarget;
			buildConfigurationList = 49F87EBE2B51A98500B0F754 /* Build configuration list for PBXNativeTarget "WeatherApp" */;
			buildPhases = (
				49F87EAC2B51A98400B0F754 /* Sources */,
				49F87EAD2B51A98400B0F754 /* Frameworks */,
				49F87EAE2B51A98400B0F754 /* Resources */,
			);
			buildRules = (
			);
			dependencies = (
			);
			name = WeatherApp;
			productName = WeatherApp;
			productReference = 49F87EB02B51A98400B0F754 /* WeatherApp.app */;
			productType = "com.apple.product-type.application";
		};
/* End PBXNativeTarget section */

/* Begin PBXProject section */
		49F87EA82B51A98400B0F754 /* Project object */ = {
			isa = PBXProject;
			attributes = {
				BuildIndependentTargetsInParallel = 1;
				LastSwiftUpdateCheck = 1430;
				LastUpgradeCheck = 1430;
				TargetAttributes = {
					49F87EAF2B51A98400B0F754 = {
						CreatedOnToolsVersion = 14.3.1;
					};
				};
			};
			buildConfigurationList = 49F87EAB2B51A98400B0F754 /* Build configuration list for PBXProject "WeatherApp" */;
			compatibilityVersion = "Xcode 14.0";
			developmentRegion = en;
			hasScannedForEncodings = 0;
			knownRegions = (
				en,
				Base,
			);
			mainGroup = 49F87EA72B51A98400B0F754;
			productRefGroup = 49F87EB12B51A98400B0F754 /* Products */;
			projectDirPath = "";
			projectRoot = "";
			targets = (
				49F87EAF2B51A98400B0F754 /* WeatherApp */,
			);
		};
/* End PBXProject section */

/* Begin PBXResourcesBuildPhase section */
		49F87EAE2B51A98400B0F754 /* Resources */ = {
			isa = PBXResourcesBuildPhase;
			buildActionMask = 2147483647;
			files = (
				49F87EBB2B51A98500B0F754 /* Preview Assets.xcassets in Resources */,
				49F87EB82B51A98500B0F754 /* Assets.xcassets in Resources */,
			);
			runOnlyForDeploymentPostprocessing = 0;
		};
/* End PBXResourcesBuildPhase section */

/* Begin PBXSourcesBuildPhase section */
		49F87EAC2B51A98400B0F754 /* Sources */ = {
			isa = PBXSourcesBuildPhase;
			buildActionMask = 2147483647;
			files = (
				495D8EFB2B61759D00E152DF /* MainModel.swift in Sources */,
				4943D85B2B51B9960078A0B6 /* FutureForecastView.swift in Sources */,
				49F87EB62B51A98400B0F754 /* MainView.swift in Sources */,
				4998A6272B5971F5007151A5 /* LocationManager.swift in Sources */,
				49F87EB42B51A98400B0F754 /* WeatherAppApp.swift in Sources */,
				49E7746B2B5EC0ED000ED97C /* APIRoute.swift in Sources */,
				49C2ECCF2B5811DF003DA366 /* BlurBackgroundView.swift in Sources */,
				495D8EFD2B6177DB00E152DF /* CurrentInfoView.swift in Sources */,
				4943D8562B51B32C0078A0B6 /* MainViewModel.swift in Sources */,
				49C2ECD12B58169E003DA366 /* TodayListModel.swift in Sources */,
				4998A61E2B596DD4007151A5 /* Client.swift in Sources */,
				4998A6242B596F01007151A5 /* CurrentLocationResponseModel.swift in Sources */,
				49E774692B5EC0E7000ED97C /* APIGlobals.swift in Sources */,
				49C2ECCC2B5810B3003DA366 /* TodayListView.swift in Sources */,
				4943D8592B51B3EE0078A0B6 /* FutureForecastModel.swift in Sources */,
				4998A61C2B596DB5007151A5 /* GenericAPI.swift in Sources */,
				49E774672B5EC0AE000ED97C /* APIError.swift in Sources */,
			);
			runOnlyForDeploymentPostprocessing = 0;
		};
/* End PBXSourcesBuildPhase section */

/* Begin XCBuildConfiguration section */
		49F87EBC2B51A98500B0F754 /* Debug */ = {
			isa = XCBuildConfiguration;
			buildSettings = {
				ALWAYS_SEARCH_USER_PATHS = NO;
				CLANG_ANALYZER_NONNULL = YES;
				CLANG_ANALYZER_NUMBER_OBJECT_CONVERSION = YES_AGGRESSIVE;
				CLANG_CXX_LANGUAGE_STANDARD = "gnu++20";
				CLANG_ENABLE_MODULES = YES;
				CLANG_ENABLE_OBJC_ARC = YES;
				CLANG_ENABLE_OBJC_WEAK = YES;
				CLANG_WARN_BLOCK_CAPTURE_AUTORELEASING = YES;
				CLANG_WARN_BOOL_CONVERSION = YES;
				CLANG_WARN_COMMA = YES;
				CLANG_WARN_CONSTANT_CONVERSION = YES;
				CLANG_WARN_DEPRECATED_OBJC_IMPLEMENTATIONS = YES;
				CLANG_WARN_DIRECT_OBJC_ISA_USAGE = YES_ERROR;
				CLANG_WARN_DOCUMENTATION_COMMENTS = YES;
				CLANG_WARN_EMPTY_BODY = YES;
				CLANG_WARN_ENUM_CONVERSION = YES;
				CLANG_WARN_INFINITE_RECURSION = YES;
				CLANG_WARN_INT_CONVERSION = YES;
				CLANG_WARN_NON_LITERAL_NULL_CONVERSION = YES;
				CLANG_WARN_OBJC_IMPLICIT_RETAIN_SELF = YES;
				CLANG_WARN_OBJC_LITERAL_CONVERSION = YES;
				CLANG_WARN_OBJC_ROOT_CLASS = YES_ERROR;
				CLANG_WARN_QUOTED_INCLUDE_IN_FRAMEWORK_HEADER = YES;
				CLANG_WARN_RANGE_LOOP_ANALYSIS = YES;
				CLANG_WARN_STRICT_PROTOTYPES = YES;
				CLANG_WARN_SUSPICIOUS_MOVE = YES;
				CLANG_WARN_UNGUARDED_AVAILABILITY = YES_AGGRESSIVE;
				CLANG_WARN_UNREACHABLE_CODE = YES;
				CLANG_WARN__DUPLICATE_METHOD_MATCH = YES;
				COPY_PHASE_STRIP = NO;
				DEBUG_INFORMATION_FORMAT = dwarf;
				ENABLE_STRICT_OBJC_MSGSEND = YES;
				ENABLE_TESTABILITY = YES;
				GCC_C_LANGUAGE_STANDARD = gnu11;
				GCC_DYNAMIC_NO_PIC = NO;
				GCC_NO_COMMON_BLOCKS = YES;
				GCC_OPTIMIZATION_LEVEL = 0;
				GCC_PREPROCESSOR_DEFINITIONS = (
					"DEBUG=1",
					"$(inherited)",
				);
				GCC_WARN_64_TO_32_BIT_CONVERSION = YES;
				GCC_WARN_ABOUT_RETURN_TYPE = YES_ERROR;
				GCC_WARN_UNDECLARED_SELECTOR = YES;
				GCC_WARN_UNINITIALIZED_AUTOS = YES_AGGRESSIVE;
				GCC_WARN_UNUSED_FUNCTION = YES;
				GCC_WARN_UNUSED_VARIABLE = YES;
				IPHONEOS_DEPLOYMENT_TARGET = 16.4;
				MTL_ENABLE_DEBUG_INFO = INCLUDE_SOURCE;
				MTL_FAST_MATH = YES;
				ONLY_ACTIVE_ARCH = YES;
				SDKROOT = iphoneos;
				SWIFT_ACTIVE_COMPILATION_CONDITIONS = DEBUG;
				SWIFT_OPTIMIZATION_LEVEL = "-Onone";
			};
			name = Debug;
		};
		49F87EBD2B51A98500B0F754 /* Release */ = {
			isa = XCBuildConfiguration;
			buildSettings = {
				ALWAYS_SEARCH_USER_PATHS = NO;
				CLANG_ANALYZER_NONNULL = YES;
				CLANG_ANALYZER_NUMBER_OBJECT_CONVERSION = YES_AGGRESSIVE;
				CLANG_CXX_LANGUAGE_STANDARD = "gnu++20";
				CLANG_ENABLE_MODULES = YES;
				CLANG_ENABLE_OBJC_ARC = YES;
				CLANG_ENABLE_OBJC_WEAK = YES;
				CLANG_WARN_BLOCK_CAPTURE_AUTORELEASING = YES;
				CLANG_WARN_BOOL_CONVERSION = YES;
				CLANG_WARN_COMMA = YES;
				CLANG_WARN_CONSTANT_CONVERSION = YES;
				CLANG_WARN_DEPRECATED_OBJC_IMPLEMENTATIONS = YES;
				CLANG_WARN_DIRECT_OBJC_ISA_USAGE = YES_ERROR;
				CLANG_WARN_DOCUMENTATION_COMMENTS = YES;
				CLANG_WARN_EMPTY_BODY = YES;
				CLANG_WARN_ENUM_CONVERSION = YES;
				CLANG_WARN_INFINITE_RECURSION = YES;
				CLANG_WARN_INT_CONVERSION = YES;
				CLANG_WARN_NON_LITERAL_NULL_CONVERSION = YES;
				CLANG_WARN_OBJC_IMPLICIT_RETAIN_SELF = YES;
				CLANG_WARN_OBJC_LITERAL_CONVERSION = YES;
				CLANG_WARN_OBJC_ROOT_CLASS = YES_ERROR;
				CLANG_WARN_QUOTED_INCLUDE_IN_FRAMEWORK_HEADER = YES;
				CLANG_WARN_RANGE_LOOP_ANALYSIS = YES;
				CLANG_WARN_STRICT_PROTOTYPES = YES;
				CLANG_WARN_SUSPICIOUS_MOVE = YES;
				CLANG_WARN_UNGUARDED_AVAILABILITY = YES_AGGRESSIVE;
				CLANG_WARN_UNREACHABLE_CODE = YES;
				CLANG_WARN__DUPLICATE_METHOD_MATCH = YES;
				COPY_PHASE_STRIP = NO;
				DEBUG_INFORMATION_FORMAT = "dwarf-with-dsym";
				ENABLE_NS_ASSERTIONS = NO;
				ENABLE_STRICT_OBJC_MSGSEND = YES;
				GCC_C_LANGUAGE_STANDARD = gnu11;
				GCC_NO_COMMON_BLOCKS = YES;
				GCC_WARN_64_TO_32_BIT_CONVERSION = YES;
				GCC_WARN_ABOUT_RETURN_TYPE = YES_ERROR;
				GCC_WARN_UNDECLARED_SELECTOR = YES;
				GCC_WARN_UNINITIALIZED_AUTOS = YES_AGGRESSIVE;
				GCC_WARN_UNUSED_FUNCTION = YES;
				GCC_WARN_UNUSED_VARIABLE = YES;
				IPHONEOS_DEPLOYMENT_TARGET = 16.4;
				MTL_ENABLE_DEBUG_INFO = NO;
				MTL_FAST_MATH = YES;
				SDKROOT = iphoneos;
				SWIFT_COMPILATION_MODE = wholemodule;
				SWIFT_OPTIMIZATION_LEVEL = "-O";
				VALIDATE_PRODUCT = YES;
			};
			name = Release;
		};
		49F87EBF2B51A98500B0F754 /* Debug */ = {
			isa = XCBuildConfiguration;
			buildSettings = {
				ASSETCATALOG_COMPILER_APPICON_NAME = AppIcon;
				ASSETCATALOG_COMPILER_GLOBAL_ACCENT_COLOR_NAME = AccentColor;
				CODE_SIGN_STYLE = Automatic;
				CURRENT_PROJECT_VERSION = 1;
				DEVELOPMENT_ASSET_PATHS = "\"WeatherApp/Preview Content\"";
				DEVELOPMENT_TEAM = 5Z79C2N47F;
				ENABLE_PREVIEWS = YES;
				GENERATE_INFOPLIST_FILE = YES;
				INFOPLIST_FILE = WeatherApp/Info.plist;
				INFOPLIST_KEY_LSApplicationCategoryType = "public.app-category.weather";
				INFOPLIST_KEY_NSLocationWhenInUseUsageDescription = "Пожалуйста предоставьте вашу геопозицию ";
				INFOPLIST_KEY_UIApplicationSceneManifest_Generation = YES;
				INFOPLIST_KEY_UIApplicationSupportsIndirectInputEvents = YES;
				INFOPLIST_KEY_UILaunchScreen_Generation = YES;
				INFOPLIST_KEY_UIRequiresFullScreen = YES;
				INFOPLIST_KEY_UIStatusBarStyle = "";
				INFOPLIST_KEY_UISupportedInterfaceOrientations = UIInterfaceOrientationPortrait;
				IPHONEOS_DEPLOYMENT_TARGET = 15.0;
				LD_RUNPATH_SEARCH_PATHS = (
					"$(inherited)",
					"@executable_path/Frameworks",
				);
				MARKETING_VERSION = 1.0;
				PRODUCT_BUNDLE_IDENTIFIER = weatherapp.dg.com.WeatherApp;
				PRODUCT_NAME = "$(TARGET_NAME)";
				SWIFT_EMIT_LOC_STRINGS = YES;
				SWIFT_VERSION = 5.0;
				TARGETED_DEVICE_FAMILY = "1,2";
			};
			name = Debug;
		};
		49F87EC02B51A98500B0F754 /* Release */ = {
			isa = XCBuildConfiguration;
			buildSettings = {
				ASSETCATALOG_COMPILER_APPICON_NAME = AppIcon;
				ASSETCATALOG_COMPILER_GLOBAL_ACCENT_COLOR_NAME = AccentColor;
				CODE_SIGN_STYLE = Automatic;
				CURRENT_PROJECT_VERSION = 1;
				DEVELOPMENT_ASSET_PATHS = "\"WeatherApp/Preview Content\"";
				DEVELOPMENT_TEAM = 5Z79C2N47F;
				ENABLE_PREVIEWS = YES;
				GENERATE_INFOPLIST_FILE = YES;
				INFOPLIST_FILE = WeatherApp/Info.plist;
				INFOPLIST_KEY_LSApplicationCategoryType = "public.app-category.weather";
				INFOPLIST_KEY_NSLocationWhenInUseUsageDescription = "Пожалуйста предоставьте вашу геопозицию ";
				INFOPLIST_KEY_UIApplicationSceneManifest_Generation = YES;
				INFOPLIST_KEY_UIApplicationSupportsIndirectInputEvents = YES;
				INFOPLIST_KEY_UILaunchScreen_Generation = YES;
				INFOPLIST_KEY_UIRequiresFullScreen = YES;
				INFOPLIST_KEY_UIStatusBarStyle = "";
				INFOPLIST_KEY_UISupportedInterfaceOrientations = UIInterfaceOrientationPortrait;
				IPHONEOS_DEPLOYMENT_TARGET = 15.0;
				LD_RUNPATH_SEARCH_PATHS = (
					"$(inherited)",
					"@executable_path/Frameworks",
				);
				MARKETING_VERSION = 1.0;
				PRODUCT_BUNDLE_IDENTIFIER = weatherapp.dg.com.WeatherApp;
				PRODUCT_NAME = "$(TARGET_NAME)";
				SWIFT_EMIT_LOC_STRINGS = YES;
				SWIFT_VERSION = 5.0;
				TARGETED_DEVICE_FAMILY = "1,2";
			};
			name = Release;
		};
/* End XCBuildConfiguration section */

/* Begin XCConfigurationList section */
		49F87EAB2B51A98400B0F754 /* Build configuration list for PBXProject "WeatherApp" */ = {
			isa = XCConfigurationList;
			buildConfigurations = (
				49F87EBC2B51A98500B0F754 /* Debug */,
				49F87EBD2B51A98500B0F754 /* Release */,
			);
			defaultConfigurationIsVisible = 0;
			defaultConfigurationName = Release;
		};
		49F87EBE2B51A98500B0F754 /* Build configuration list for PBXNativeTarget "WeatherApp" */ = {
			isa = XCConfigurationList;
			buildConfigurations = (
				49F87EBF2B51A98500B0F754 /* Debug */,
				49F87EC02B51A98500B0F754 /* Release */,
			);
			defaultConfigurationIsVisible = 0;
			defaultConfigurationName = Release;
		};
/* End XCConfigurationList section */
	};
	rootObject = 49F87EA82B51A98400B0F754 /* Project object */;
}
